
Microsoft Visual Studio Solution File, Format Version 12.00
# Visual Studio Version 17
VisualStudioVersion = 17.5.002.0
MinimumVisualStudioVersion = 10.0.40219.1
Project("{9A19103F-16F7-4668-BE54-9A1E7A4F7556}") = "TestProject", "TestProject\TestProject.csproj", "{385EE207-70ED-4EA9-8CCC-4B67897B48FF}"
EndProject
Project("{9A19103F-16F7-4668-BE54-9A1E7A4F7556}") = "RenewalApp", "RenewalApp\RenewalApp.csproj", "{C0452246-DF82-44CD-847A-900512C90B1A}"
EndProject
Project("{9A19103F-16F7-4668-BE54-9A1E7A4F7556}") = "FraudulentOrdersAnalyzer", "FraudulentOrdersAnalyzer\FraudulentOrdersAnalyzer.csproj", "{A2A0CC24-079F-4BE6-82D5-0710F82CB3FA}"
EndProject
Project("{9A19103F-16F7-4668-BE54-9A1E7A4F7556}") = "ManufactureInventory", "ManufactureInventory\ManufactureInventory.csproj", "{3C29F8CB-A00A-4066-A3F6-34BAFCC806EF}"
EndProject
Project("{9A19103F-16F7-4668-BE54-9A1E7A4F7556}") = "DiceGame", "DiceGame\DiceGame.csproj", "{FBF42190-F699-4A73-BC91-3E83965880C1}"
EndProject
Project("{9A19103F-16F7-4668-BE54-9A1E7A4F7556}") = "UpdatedGradeMarker", "UpdatedGradeMarker\UpdatedGradeMarker.csproj", "{0E1A61D9-52E8-401E-9132-7434771834F3}"
EndProject
Project("{FAE04EC0-301F-11D3-BF4B-00C04F79EFBC}") = "UpdatedGradeMarkerV2", "UpdatedGradeMarkerV2\UpdatedGradeMarkerV2.csproj", "{6BEB1F9B-F898-4FB9-9F48-DB7853CF8214}"
EndProject
Project("{FAE04EC0-301F-11D3-BF4B-00C04F79EFBC}") = "booleanTestProject", "booleanTestProject\booleanTestProject.csproj", "{62B148EB-E5F7-4985-AC57-18C76A3A8EFD}"
EndProject
Project("{FAE04EC0-301F-11D3-BF4B-00C04F79EFBC}") = "validateIntegerInput", "validateIntegerInput\validateIntegerInput.csproj", "{E21DF104-08C7-4084-8201-C96DE92F0A52}"
EndProject
Project("{FAE04EC0-301F-11D3-BF4B-00C04F79EFBC}") = "validateStringInput", "validateStringInput\validateStringInput.csproj", "{C254DA11-4675-4605-92EC-A01823883F66}"
EndProject
Project("{FAE04EC0-301F-11D3-BF4B-00C04F79EFBC}") = "coinFlip", "coinFlip\coinFlip.csproj", "{90592298-A3E7-4646-8241-0E06A1E5B0B7}"
EndProject
Project("{FAE04EC0-301F-11D3-BF4B-00C04F79EFBC}") = "theForLoop", "theForLoop\theForLoop.csproj", "{C5755335-19AA-44F7-B70D-563D7C9C3524}"
EndProject
Project("{FAE04EC0-301F-11D3-BF4B-00C04F79EFBC}") = "exploreDoWhile", "exploreDoWhile\exploreDoWhile.csproj", "{5999CF3D-63E6-4FB0-9CF9-A475ECCC8B93}"
EndProject
Project("{FAE04EC0-301F-11D3-BF4B-00C04F79EFBC}") = "exploreWhile", "exploreWhile\exploreWhile.csproj", "{0F2F548C-859B-46BC-BB24-B850D4D8204E}"
EndProject
Project("{FAE04EC0-301F-11D3-BF4B-00C04F79EFBC}") = "roleBasedAccess", "roleBasedAccess\roleBasedAccess.csproj", "{4E790A26-3EED-4273-86C2-864E1BE6F8B5}"
EndProject
Global
	GlobalSection(SolutionConfigurationPlatforms) = preSolution
		Debug|Any CPU = Debug|Any CPU
		Release|Any CPU = Release|Any CPU
	EndGlobalSection
	GlobalSection(ProjectConfigurationPlatforms) = postSolution
		{385EE207-70ED-4EA9-8CCC-4B67897B48FF}.Debug|Any CPU.ActiveCfg = Debug|Any CPU
		{385EE207-70ED-4EA9-8CCC-4B67897B48FF}.Debug|Any CPU.Build.0 = Debug|Any CPU
		{385EE207-70ED-4EA9-8CCC-4B67897B48FF}.Release|Any CPU.ActiveCfg = Release|Any CPU
		{385EE207-70ED-4EA9-8CCC-4B67897B48FF}.Release|Any CPU.Build.0 = Release|Any CPU
		{C0452246-DF82-44CD-847A-900512C90B1A}.Debug|Any CPU.ActiveCfg = Debug|Any CPU
		{C0452246-DF82-44CD-847A-900512C90B1A}.Debug|Any CPU.Build.0 = Debug|Any CPU
		{C0452246-DF82-44CD-847A-900512C90B1A}.Release|Any CPU.ActiveCfg = Release|Any CPU
		{C0452246-DF82-44CD-847A-900512C90B1A}.Release|Any CPU.Build.0 = Release|Any CPU
		{A2A0CC24-079F-4BE6-82D5-0710F82CB3FA}.Debug|Any CPU.ActiveCfg = Debug|Any CPU
		{A2A0CC24-079F-4BE6-82D5-0710F82CB3FA}.Debug|Any CPU.Build.0 = Debug|Any CPU
		{A2A0CC24-079F-4BE6-82D5-0710F82CB3FA}.Release|Any CPU.ActiveCfg = Release|Any CPU
		{A2A0CC24-079F-4BE6-82D5-0710F82CB3FA}.Release|Any CPU.Build.0 = Release|Any CPU
		{3C29F8CB-A00A-4066-A3F6-34BAFCC806EF}.Debug|Any CPU.ActiveCfg = Debug|Any CPU
		{3C29F8CB-A00A-4066-A3F6-34BAFCC806EF}.Debug|Any CPU.Build.0 = Debug|Any CPU
		{3C29F8CB-A00A-4066-A3F6-34BAFCC806EF}.Release|Any CPU.ActiveCfg = Release|Any CPU
		{3C29F8CB-A00A-4066-A3F6-34BAFCC806EF}.Release|Any CPU.Build.0 = Release|Any CPU
		{FBF42190-F699-4A73-BC91-3E83965880C1}.Debug|Any CPU.ActiveCfg = Debug|Any CPU
		{FBF42190-F699-4A73-BC91-3E83965880C1}.Debug|Any CPU.Build.0 = Debug|Any CPU
		{FBF42190-F699-4A73-BC91-3E83965880C1}.Release|Any CPU.ActiveCfg = Release|Any CPU
		{FBF42190-F699-4A73-BC91-3E83965880C1}.Release|Any CPU.Build.0 = Release|Any CPU
		{0E1A61D9-52E8-401E-9132-7434771834F3}.Debug|Any CPU.ActiveCfg = Debug|Any CPU
		{0E1A61D9-52E8-401E-9132-7434771834F3}.Debug|Any CPU.Build.0 = Debug|Any CPU
		{0E1A61D9-52E8-401E-9132-7434771834F3}.Release|Any CPU.ActiveCfg = Release|Any CPU
		{0E1A61D9-52E8-401E-9132-7434771834F3}.Release|Any CPU.Build.0 = Release|Any CPU
		{6BEB1F9B-F898-4FB9-9F48-DB7853CF8214}.Debug|Any CPU.ActiveCfg = Debug|Any CPU
		{6BEB1F9B-F898-4FB9-9F48-DB7853CF8214}.Debug|Any CPU.Build.0 = Debug|Any CPU
		{6BEB1F9B-F898-4FB9-9F48-DB7853CF8214}.Release|Any CPU.ActiveCfg = Release|Any CPU
		{6BEB1F9B-F898-4FB9-9F48-DB7853CF8214}.Release|Any CPU.Build.0 = Release|Any CPU
		{62B148EB-E5F7-4985-AC57-18C76A3A8EFD}.Debug|Any CPU.ActiveCfg = Debug|Any CPU
		{62B148EB-E5F7-4985-AC57-18C76A3A8EFD}.Debug|Any CPU.Build.0 = Debug|Any CPU
		{62B148EB-E5F7-4985-AC57-18C76A3A8EFD}.Release|Any CPU.ActiveCfg = Release|Any CPU
		{62B148EB-E5F7-4985-AC57-18C76A3A8EFD}.Release|Any CPU.Build.0 = Release|Any CPU
		{E21DF104-08C7-4084-8201-C96DE92F0A52}.Debug|Any CPU.ActiveCfg = Debug|Any CPU
		{E21DF104-08C7-4084-8201-C96DE92F0A52}.Debug|Any CPU.Build.0 = Debug|Any CPU
		{E21DF104-08C7-4084-8201-C96DE92F0A52}.Release|Any CPU.ActiveCfg = Release|Any CPU
		{E21DF104-08C7-4084-8201-C96DE92F0A52}.Release|Any CPU.Build.0 = Release|Any CPU
		{C254DA11-4675-4605-92EC-A01823883F66}.Debug|Any CPU.ActiveCfg = Debug|Any CPU
		{C254DA11-4675-4605-92EC-A01823883F66}.Debug|Any CPU.Build.0 = Debug|Any CPU
		{C254DA11-4675-4605-92EC-A01823883F66}.Release|Any CPU.ActiveCfg = Release|Any CPU
		{C254DA11-4675-4605-92EC-A01823883F66}.Release|Any CPU.Build.0 = Release|Any CPU
		{90592298-A3E7-4646-8241-0E06A1E5B0B7}.Debug|Any CPU.ActiveCfg = Debug|Any CPU
		{90592298-A3E7-4646-8241-0E06A1E5B0B7}.Debug|Any CPU.Build.0 = Debug|Any CPU
		{90592298-A3E7-4646-8241-0E06A1E5B0B7}.Release|Any CPU.ActiveCfg = Release|Any CPU
		{90592298-A3E7-4646-8241-0E06A1E5B0B7}.Release|Any CPU.Build.0 = Release|Any CPU
		{C5755335-19AA-44F7-B70D-563D7C9C3524}.Debug|Any CPU.ActiveCfg = Debug|Any CPU
		{C5755335-19AA-44F7-B70D-563D7C9C3524}.Debug|Any CPU.Build.0 = Debug|Any CPU
		{C5755335-19AA-44F7-B70D-563D7C9C3524}.Release|Any CPU.ActiveCfg = Release|Any CPU
		{C5755335-19AA-44F7-B70D-563D7C9C3524}.Release|Any CPU.Build.0 = Release|Any CPU
		{5999CF3D-63E6-4FB0-9CF9-A475ECCC8B93}.Debug|Any CPU.ActiveCfg = Debug|Any CPU
		{5999CF3D-63E6-4FB0-9CF9-A475ECCC8B93}.Debug|Any CPU.Build.0 = Debug|Any CPU
		{5999CF3D-63E6-4FB0-9CF9-A475ECCC8B93}.Release|Any CPU.ActiveCfg = Release|Any CPU
		{5999CF3D-63E6-4FB0-9CF9-A475ECCC8B93}.Release|Any CPU.Build.0 = Release|Any CPU
		{0F2F548C-859B-46BC-BB24-B850D4D8204E}.Debug|Any CPU.ActiveCfg = Debug|Any CPU
		{0F2F548C-859B-46BC-BB24-B850D4D8204E}.Debug|Any CPU.Build.0 = Debug|Any CPU
		{0F2F548C-859B-46BC-BB24-B850D4D8204E}.Release|Any CPU.ActiveCfg = Release|Any CPU
		{0F2F548C-859B-46BC-BB24-B850D4D8204E}.Release|Any CPU.Build.0 = Release|Any CPU
		{4E790A26-3EED-4273-86C2-864E1BE6F8B5}.Debug|Any CPU.ActiveCfg = Debug|Any CPU
		{4E790A26-3EED-4273-86C2-864E1BE6F8B5}.Debug|Any CPU.Build.0 = Debug|Any CPU
		{4E790A26-3EED-4273-86C2-864E1BE6F8B5}.Release|Any CPU.ActiveCfg = Release|Any CPU
		{4E790A26-3EED-4273-86C2-864E1BE6F8B5}.Release|Any CPU.Build.0 = Release|Any CPU
	EndGlobalSection
	GlobalSection(SolutionProperties) = preSolution
		HideSolutionNode = FALSE
	EndGlobalSection
	GlobalSection(ExtensibilityGlobals) = postSolution
		SolutionGuid = {E8223A4F-B90F-4FF2-9AC5-46F2F243FBAA}
	EndGlobalSection
EndGlobal
